// !$*UTF8*$!
{
	archiveVersion = 1;
	classes = {
	};
	objectVersion = 46;
	objects = {

/* Begin PBXBuildFile section */
		910756381F5FC5500083F0CF /* Weapon.swift in Sources */ = {isa = PBXBuildFile; fileRef = 910756371F5FC5500083F0CF /* Weapon.swift */; };
		9107563A1F5FC57B0083F0CF /* AttackWeapon.swift in Sources */ = {isa = PBXBuildFile; fileRef = 910756391F5FC57B0083F0CF /* AttackWeapon.swift */; };
		9107563C1F5FC5AE0083F0CF /* CareWeapon.swift in Sources */ = {isa = PBXBuildFile; fileRef = 9107563B1F5FC5AE0083F0CF /* CareWeapon.swift */; };
		9107563E1F5FC5E20083F0CF /* AttackWeaponType.swift in Sources */ = {isa = PBXBuildFile; fileRef = 9107563D1F5FC5E20083F0CF /* AttackWeaponType.swift */; };
		910756401F5FC61C0083F0CF /* CareWeaponType.swift in Sources */ = {isa = PBXBuildFile; fileRef = 9107563F1F5FC61C0083F0CF /* CareWeaponType.swift */; };
		910756421F5FEAF60083F0CF /* PlayGame.swift in Sources */ = {isa = PBXBuildFile; fileRef = 910756411F5FEAF60083F0CF /* PlayGame.swift */; };
		918110811F5DB4FB00229F95 /* GameCharacter.swift in Sources */ = {isa = PBXBuildFile; fileRef = 918110801F5DB4FB00229F95 /* GameCharacter.swift */; };
		918110831F5DBBB700229F95 /* Warrior.swift in Sources */ = {isa = PBXBuildFile; fileRef = 918110821F5DBBB700229F95 /* Warrior.swift */; };
		918110851F5DD9E900229F95 /* WarriorType.swift in Sources */ = {isa = PBXBuildFile; fileRef = 918110841F5DD9E900229F95 /* WarriorType.swift */; };
		9181108B1F5E992F00229F95 /* HealerType.swift in Sources */ = {isa = PBXBuildFile; fileRef = 9181108A1F5E992F00229F95 /* HealerType.swift */; };
		91CC9EBD1F4F1D8100EFBC05 /* main.swift in Sources */ = {isa = PBXBuildFile; fileRef = 91CC9EBC1F4F1D8100EFBC05 /* main.swift */; };
		91CC9EC41F4F242B00EFBC05 /* Player.swift in Sources */ = {isa = PBXBuildFile; fileRef = 91CC9EC31F4F242B00EFBC05 /* Player.swift */; };
		91EDDE941F5E9CBB00DA0F87 /* Healer.swift in Sources */ = {isa = PBXBuildFile; fileRef = 91EDDE931F5E9CBB00DA0F87 /* Healer.swift */; };
/* End PBXBuildFile section */

/* Begin PBXCopyFilesBuildPhase section */
		91CC9EB71F4F1D8100EFBC05 /* CopyFiles */ = {
			isa = PBXCopyFilesBuildPhase;
			buildActionMask = 2147483647;
			dstPath = /usr/share/man/man1/;
			dstSubfolderSpec = 0;
			files = (
			);
			runOnlyForDeploymentPostprocessing = 1;
		};
/* End PBXCopyFilesBuildPhase section */

/* Begin PBXFileReference section */
		910756371F5FC5500083F0CF /* Weapon.swift */ = {isa = PBXFileReference; fileEncoding = 4; lastKnownFileType = sourcecode.swift; path = Weapon.swift; sourceTree = "<group>"; };
		910756391F5FC57B0083F0CF /* AttackWeapon.swift */ = {isa = PBXFileReference; fileEncoding = 4; lastKnownFileType = sourcecode.swift; path = AttackWeapon.swift; sourceTree = "<group>"; };
		9107563B1F5FC5AE0083F0CF /* CareWeapon.swift */ = {isa = PBXFileReference; fileEncoding = 4; lastKnownFileType = sourcecode.swift; path = CareWeapon.swift; sourceTree = "<group>"; };
		9107563D1F5FC5E20083F0CF /* AttackWeaponType.swift */ = {isa = PBXFileReference; fileEncoding = 4; lastKnownFileType = sourcecode.swift; path = AttackWeaponType.swift; sourceTree = "<group>"; };
		9107563F1F5FC61C0083F0CF /* CareWeaponType.swift */ = {isa = PBXFileReference; fileEncoding = 4; lastKnownFileType = sourcecode.swift; path = CareWeaponType.swift; sourceTree = "<group>"; };
		910756411F5FEAF60083F0CF /* PlayGame.swift */ = {isa = PBXFileReference; fileEncoding = 4; lastKnownFileType = sourcecode.swift; path = PlayGame.swift; sourceTree = "<group>"; };
		918110801F5DB4FB00229F95 /* GameCharacter.swift */ = {isa = PBXFileReference; fileEncoding = 4; lastKnownFileType = sourcecode.swift; path = GameCharacter.swift; sourceTree = "<group>"; };
		918110821F5DBBB700229F95 /* Warrior.swift */ = {isa = PBXFileReference; fileEncoding = 4; lastKnownFileType = sourcecode.swift; path = Warrior.swift; sourceTree = "<group>"; };
		918110841F5DD9E900229F95 /* WarriorType.swift */ = {isa = PBXFileReference; fileEncoding = 4; lastKnownFileType = sourcecode.swift; path = WarriorType.swift; sourceTree = "<group>"; };
		9181108A1F5E992F00229F95 /* HealerType.swift */ = {isa = PBXFileReference; fileEncoding = 4; lastKnownFileType = sourcecode.swift; path = HealerType.swift; sourceTree = "<group>"; };
		91CC9EB91F4F1D8100EFBC05 /* SwiftFightGame */ = {isa = PBXFileReference; explicitFileType = "compiled.mach-o.executable"; includeInIndex = 0; path = SwiftFightGame; sourceTree = BUILT_PRODUCTS_DIR; };
		91CC9EBC1F4F1D8100EFBC05 /* main.swift */ = {isa = PBXFileReference; lastKnownFileType = sourcecode.swift; path = main.swift; sourceTree = "<group>"; };
		91CC9EC31F4F242B00EFBC05 /* Player.swift */ = {isa = PBXFileReference; fileEncoding = 4; lastKnownFileType = sourcecode.swift; path = Player.swift; sourceTree = "<group>"; };
		91EDDE931F5E9CBB00DA0F87 /* Healer.swift */ = {isa = PBXFileReference; fileEncoding = 4; lastKnownFileType = sourcecode.swift; path = Healer.swift; sourceTree = "<group>"; };
/* End PBXFileReference section */

/* Begin PBXFrameworksBuildPhase section */
		91CC9EB61F4F1D8100EFBC05 /* Frameworks */ = {
			isa = PBXFrameworksBuildPhase;
			buildActionMask = 2147483647;
			files = (
			);
			runOnlyForDeploymentPostprocessing = 0;
		};
/* End PBXFrameworksBuildPhase section */

/* Begin PBXGroup section */
		91CC9EB01F4F1D8100EFBC05 = {
			isa = PBXGroup;
			children = (
				91CC9EBB1F4F1D8100EFBC05 /* SwiftFightGame */,
				91CC9EBA1F4F1D8100EFBC05 /* Products */,
			);
			sourceTree = "<group>";
		};
		91CC9EBA1F4F1D8100EFBC05 /* Products */ = {
			isa = PBXGroup;
			children = (
				91CC9EB91F4F1D8100EFBC05 /* SwiftFightGame */,
			);
			name = Products;
			sourceTree = "<group>";
		};
		91CC9EBB1F4F1D8100EFBC05 /* SwiftFightGame */ = {
			isa = PBXGroup;
			children = (
				91CC9EBC1F4F1D8100EFBC05 /* main.swift */,
				910756411F5FEAF60083F0CF /* PlayGame.swift */,
				91CC9EC31F4F242B00EFBC05 /* Player.swift */,
				910756371F5FC5500083F0CF /* Weapon.swift */,
				910756391F5FC57B0083F0CF /* AttackWeapon.swift */,
				9107563D1F5FC5E20083F0CF /* AttackWeaponType.swift */,
				9107563B1F5FC5AE0083F0CF /* CareWeapon.swift */,
				9107563F1F5FC61C0083F0CF /* CareWeaponType.swift */,
				918110801F5DB4FB00229F95 /* GameCharacter.swift */,
				918110821F5DBBB700229F95 /* Warrior.swift */,
				918110841F5DD9E900229F95 /* WarriorType.swift */,
				91EDDE931F5E9CBB00DA0F87 /* Healer.swift */,
				9181108A1F5E992F00229F95 /* HealerType.swift */,
			);
			path = SwiftFightGame;
			sourceTree = "<group>";
		};
/* End PBXGroup section */

/* Begin PBXNativeTarget section */
		91CC9EB81F4F1D8100EFBC05 /* SwiftFightGame */ = {
			isa = PBXNativeTarget;
			buildConfigurationList = 91CC9EC01F4F1D8100EFBC05 /* Build configuration list for PBXNativeTarget "SwiftFightGame" */;
			buildPhases = (
				91CC9EB51F4F1D8100EFBC05 /* Sources */,
				91CC9EB61F4F1D8100EFBC05 /* Frameworks */,
				91CC9EB71F4F1D8100EFBC05 /* CopyFiles */,
			);
			buildRules = (
			);
			dependencies = (
			);
			name = SwiftFightGame;
			productName = SwiftFightGame;
			productReference = 91CC9EB91F4F1D8100EFBC05 /* SwiftFightGame */;
			productType = "com.apple.product-type.tool";
		};
/* End PBXNativeTarget section */

/* Begin PBXProject section */
		91CC9EB11F4F1D8100EFBC05 /* Project object */ = {
			isa = PBXProject;
			attributes = {
				LastSwiftUpdateCheck = 0830;
				LastUpgradeCheck = 0830;
				ORGANIZATIONNAME = Medev;
				TargetAttributes = {
					91CC9EB81F4F1D8100EFBC05 = {
						CreatedOnToolsVersion = 8.3.3;
						ProvisioningStyle = Automatic;
					};
				};
			};
			buildConfigurationList = 91CC9EB41F4F1D8100EFBC05 /* Build configuration list for PBXProject "SwiftFightGame" */;
			compatibilityVersion = "Xcode 3.2";
			developmentRegion = English;
			hasScannedForEncodings = 0;
			knownRegions = (
				en,
			);
			mainGroup = 91CC9EB01F4F1D8100EFBC05;
			productRefGroup = 91CC9EBA1F4F1D8100EFBC05 /* Products */;
			projectDirPath = "";
			projectRoot = "";
			targets = (
				91CC9EB81F4F1D8100EFBC05 /* SwiftFightGame */,
			);
		};
/* End PBXProject section */

/* Begin PBXSourcesBuildPhase section */
		91CC9EB51F4F1D8100EFBC05 /* Sources */ = {
			isa = PBXSourcesBuildPhase;
			buildActionMask = 2147483647;
			files = (
				918110811F5DB4FB00229F95 /* GameCharacter.swift in Sources */,
				910756381F5FC5500083F0CF /* Weapon.swift in Sources */,
				9107563C1F5FC5AE0083F0CF /* CareWeapon.swift in Sources */,
				91CC9EC41F4F242B00EFBC05 /* Player.swift in Sources */,
				9107563E1F5FC5E20083F0CF /* AttackWeaponType.swift in Sources */,
				91EDDE941F5E9CBB00DA0F87 /* Healer.swift in Sources */,
				918110831F5DBBB700229F95 /* Warrior.swift in Sources */,
				910756421F5FEAF60083F0CF /* PlayGame.swift in Sources */,
				918110851F5DD9E900229F95 /* WarriorType.swift in Sources */,
				9181108B1F5E992F00229F95 /* HealerType.swift in Sources */,
				91CC9EBD1F4F1D8100EFBC05 /* main.swift in Sources */,
				910756401F5FC61C0083F0CF /* CareWeaponType.swift in Sources */,
				9107563A1F5FC57B0083F0CF /* AttackWeapon.swift in Sources */,
			);
			runOnlyForDeploymentPostprocessing = 0;
		};
/* End PBXSourcesBuildPhase section */

/* Begin XCBuildConfiguration section */
		91CC9EBE1F4F1D8100EFBC05 /* Debug */ = {
			isa = XCBuildConfiguration;
			buildSettings = {
				ALWAYS_SEARCH_USER_PATHS = NO;
				CLANG_ANALYZER_NONNULL = YES;
				CLANG_ANALYZER_NUMBER_OBJECT_CONVERSION = YES_AGGRESSIVE;
				CLANG_CXX_LANGUAGE_STANDARD = "gnu++0x";
				CLANG_CXX_LIBRARY = "libc++";
				CLANG_ENABLE_MODULES = YES;
				CLANG_ENABLE_OBJC_ARC = YES;
				CLANG_WARN_BOOL_CONVERSION = YES;
				CLANG_WARN_CONSTANT_CONVERSION = YES;
				CLANG_WARN_DIRECT_OBJC_ISA_USAGE = YES_ERROR;
				CLANG_WARN_DOCUMENTATION_COMMENTS = YES;
				CLANG_WARN_EMPTY_BODY = YES;
				CLANG_WARN_ENUM_CONVERSION = YES;
				CLANG_WARN_INFINITE_RECURSION = YES;
				CLANG_WARN_INT_CONVERSION = YES;
				CLANG_WARN_OBJC_ROOT_CLASS = YES_ERROR;
				CLANG_WARN_SUSPICIOUS_MOVE = YES;
				CLANG_WARN_UNREACHABLE_CODE = YES;
				CLANG_WARN__DUPLICATE_METHOD_MATCH = YES;
				CODE_SIGN_IDENTITY = "-";
				COPY_PHASE_STRIP = NO;
				DEBUG_INFORMATION_FORMAT = dwarf;
				ENABLE_STRICT_OBJC_MSGSEND = YES;
				ENABLE_TESTABILITY = YES;
				GCC_C_LANGUAGE_STANDARD = gnu99;
				GCC_DYNAMIC_NO_PIC = NO;
				GCC_NO_COMMON_BLOCKS = YES;
				GCC_OPTIMIZATION_LEVEL = 0;
				GCC_PREPROCESSOR_DEFINITIONS = (
					"DEBUG=1",
					"$(inherited)",
				);
				GCC_WARN_64_TO_32_BIT_CONVERSION = YES;
				GCC_WARN_ABOUT_RETURN_TYPE = YES_ERROR;
				GCC_WARN_UNDECLARED_SELECTOR = YES;
				GCC_WARN_UNINITIALIZED_AUTOS = YES_AGGRESSIVE;
				GCC_WARN_UNUSED_FUNCTION = YES;
				GCC_WARN_UNUSED_VARIABLE = YES;
				MACOSX_DEPLOYMENT_TARGET = 10.12;
				MTL_ENABLE_DEBUG_INFO = YES;
				ONLY_ACTIVE_ARCH = YES;
				SDKROOT = macosx;
				SWIFT_OPTIMIZATION_LEVEL = "-Onone";
			};
			name = Debug;
		};
		91CC9EBF1F4F1D8100EFBC05 /* Release */ = {
			isa = XCBuildConfiguration;
			buildSettings = {
				ALWAYS_SEARCH_USER_PATHS = NO;
				CLANG_ANALYZER_NONNULL = YES;
				CLANG_ANALYZER_NUMBER_OBJECT_CONVERSION = YES_AGGRESSIVE;
				CLANG_CXX_LANGUAGE_STANDARD = "gnu++0x";
				CLANG_CXX_LIBRARY = "libc++";
				CLANG_ENABLE_MODULES = YES;
				CLANG_ENABLE_OBJC_ARC = YES;
				CLANG_WARN_BOOL_CONVERSION = YES;
				CLANG_WARN_CONSTANT_CONVERSION = YES;
				CLANG_WARN_DIRECT_OBJC_ISA_USAGE = YES_ERROR;
				CLANG_WARN_DOCUMENTATION_COMMENTS = YES;
				CLANG_WARN_EMPTY_BODY = YES;
				CLANG_WARN_ENUM_CONVERSION = YES;
				CLANG_WARN_INFINITE_RECURSION = YES;
				CLANG_WARN_INT_CONVERSION = YES;
				CLANG_WARN_OBJC_ROOT_CLASS = YES_ERROR;
				CLANG_WARN_SUSPICIOUS_MOVE = YES;
				CLANG_WARN_UNREACHABLE_CODE = YES;
				CLANG_WARN__DUPLICATE_METHOD_MATCH = YES;
				CODE_SIGN_IDENTITY = "-";
				COPY_PHASE_STRIP = NO;
				DEBUG_INFORMATION_FORMAT = "dwarf-with-dsym";
				ENABLE_NS_ASSERTIONS = NO;
				ENABLE_STRICT_OBJC_MSGSEND = YES;
				GCC_C_LANGUAGE_STANDARD = gnu99;
				GCC_NO_COMMON_BLOCKS = YES;
				GCC_WARN_64_TO_32_BIT_CONVERSION = YES;
				GCC_WARN_ABOUT_RETURN_TYPE = YES_ERROR;
				GCC_WARN_UNDECLARED_SELECTOR = YES;
				GCC_WARN_UNINITIALIZED_AUTOS = YES_AGGRESSIVE;
				GCC_WARN_UNUSED_FUNCTION = YES;
				GCC_WARN_UNUSED_VARIABLE = YES;
				MACOSX_DEPLOYMENT_TARGET = 10.12;
				MTL_ENABLE_DEBUG_INFO = NO;
				SDKROOT = macosx;
			};
			name = Release;
		};
		91CC9EC11F4F1D8100EFBC05 /* Debug */ = {
			isa = XCBuildConfiguration;
			buildSettings = {
				PRODUCT_NAME = "$(TARGET_NAME)";
				SWIFT_VERSION = 3.0;
			};
			name = Debug;
		};
		91CC9EC21F4F1D8100EFBC05 /* Release */ = {
			isa = XCBuildConfiguration;
			buildSettings = {
				PRODUCT_NAME = "$(TARGET_NAME)";
				SWIFT_VERSION = 3.0;
			};
			name = Release;
		};
/* End XCBuildConfiguration section */

/* Begin XCConfigurationList section */
		91CC9EB41F4F1D8100EFBC05 /* Build configuration list for PBXProject "SwiftFightGame" */ = {
			isa = XCConfigurationList;
			buildConfigurations = (
				91CC9EBE1F4F1D8100EFBC05 /* Debug */,
				91CC9EBF1F4F1D8100EFBC05 /* Release */,
			);
			defaultConfigurationIsVisible = 0;
			defaultConfigurationName = Release;
		};
		91CC9EC01F4F1D8100EFBC05 /* Build configuration list for PBXNativeTarget "SwiftFightGame" */ = {
			isa = XCConfigurationList;
			buildConfigurations = (
				91CC9EC11F4F1D8100EFBC05 /* Debug */,
				91CC9EC21F4F1D8100EFBC05 /* Release */,
			);
			defaultConfigurationIsVisible = 0;
			defaultConfigurationName = Release;
		};
/* End XCConfigurationList section */
	};
	rootObject = 91CC9EB11F4F1D8100EFBC05 /* Project object */;
}
